PODS:
  - appcenter-analytics (4.2.0):
    - AppCenter/Analytics (~> 4.0)
    - AppCenterReactNativeShared (~> 4.0)
    - React-Core
  - appcenter-core (4.2.0):
    - AppCenterReactNativeShared (~> 4.0)
    - React-Core
  - appcenter-crashes (4.2.0):
    - AppCenter/Crashes (~> 4.0)
    - AppCenterReactNativeShared (~> 4.0)
    - React-Core
  - AppCenter/Analytics (4.2.0):
    - AppCenter/Core
  - AppCenter/Core (4.2.0)
  - AppCenter/Crashes (4.2.0):
    - AppCenter/Core
  - AppCenterReactNativeShared (4.2.0):
    - AppCenter/Core (= 4.2.0)
  - boost-for-react-native (1.63.0)
  - DoubleConversion (1.1.6)
  - EXApplication (2.4.1):
    - UMCore
  - EXConstants (11.0.1):
    - ExpoModulesCore
    - UMCore
  - EXErrorRecovery (1.4.0):
    - UMCore
  - EXFileSystem (11.1.3):
    - ExpoModulesCore
    - UMCore
  - EXFont (9.2.1):
    - ExpoModulesCore
    - UMCore
  - EXImageLoader (2.2.0):
    - ExpoModulesCore
    - React-Core
    - UMCore
  - EXKeepAwake (8.4.0):
    - UMCore
  - EXLinearGradient (8.4.0):
    - UMCore
  - EXLocation (10.0.0):
    - UMCore
    - UMPermissionsInterface
    - UMTaskManagerInterface
  - ExpoModulesCore (0.2.0):
    - ExpoModulesCore/Core (= 0.2.0)
    - ExpoModulesCore/Interfaces (= 0.2.0)
    - UMCore
  - ExpoModulesCore/Core (0.2.0):
    - UMCore
  - ExpoModulesCore/Interfaces (0.2.0):
    - ExpoModulesCore/Core
    - UMCore
  - EXSecureStore (9.3.0):
    - UMCore
  - EXSplashScreen (0.8.1):
    - React-Core
    - UMCore
  - EXSQLite (8.5.0):
    - UMCore
    - UMFileSystemInterface
  - EXUpdates (0.4.2):
    - React-Core
    - UMCore
  - FBLazyVector (0.65.1)
  - FBReactNativeSpec (0.65.1):
    - RCT-Folly (= 2021.04.26.00)
    - RCTRequired (= 0.65.1)
    - RCTTypeSafety (= 0.65.1)
    - React-Core (= 0.65.1)
    - React-jsi (= 0.65.1)
    - ReactCommon/turbomodule/core (= 0.65.1)
  - Firebase/Analytics (8.0.0):
    - Firebase/Core
  - Firebase/Core (8.0.0):
    - Firebase/CoreOnly
    - FirebaseAnalytics (~> 8.0.0)
  - Firebase/CoreOnly (8.0.0):
    - FirebaseCore (= 8.0.0)
  - Firebase/Messaging (8.0.0):
    - Firebase/CoreOnly
    - FirebaseMessaging (~> 8.0.0)
  - FirebaseAnalytics (8.0.0):
    - FirebaseAnalytics/AdIdSupport (= 8.0.0)
    - FirebaseCore (~> 8.0)
    - FirebaseInstallations (~> 8.0)
    - GoogleUtilities/AppDelegateSwizzler (~> 7.4)
    - GoogleUtilities/MethodSwizzler (~> 7.4)
    - GoogleUtilities/Network (~> 7.4)
    - "GoogleUtilities/NSData+zlib (~> 7.4)"
    - nanopb (~> 2.30908.0)
  - FirebaseAnalytics/AdIdSupport (8.0.0):
    - FirebaseAnalytics/Base (= 8.0.0)
    - FirebaseCore (~> 8.0)
    - FirebaseInstallations (~> 8.0)
    - GoogleAppMeasurement (= 8.0.0)
    - GoogleUtilities/AppDelegateSwizzler (~> 7.4)
    - GoogleUtilities/MethodSwizzler (~> 7.4)
    - GoogleUtilities/Network (~> 7.4)
    - "GoogleUtilities/NSData+zlib (~> 7.4)"
    - nanopb (~> 2.30908.0)
  - FirebaseAnalytics/Base (8.0.0):
    - FirebaseCore (~> 8.0)
    - FirebaseInstallations (~> 8.0)
    - GoogleUtilities/AppDelegateSwizzler (~> 7.4)
    - GoogleUtilities/MethodSwizzler (~> 7.4)
    - GoogleUtilities/Network (~> 7.4)
    - "GoogleUtilities/NSData+zlib (~> 7.4)"
    - nanopb (~> 2.30908.0)
  - FirebaseCore (8.0.0):
    - FirebaseCoreDiagnostics (~> 8.0)
    - GoogleUtilities/Environment (~> 7.4)
    - GoogleUtilities/Logger (~> 7.4)
  - FirebaseCoreDiagnostics (8.0.0):
    - GoogleDataTransport (~> 9.0)
    - GoogleUtilities/Environment (~> 7.4)
    - GoogleUtilities/Logger (~> 7.4)
    - nanopb (~> 2.30908.0)
  - FirebaseInstallations (8.0.0):
    - FirebaseCore (~> 8.0)
    - GoogleUtilities/Environment (~> 7.4)
    - GoogleUtilities/UserDefaults (~> 7.4)
    - PromisesObjC (~> 1.2)
  - FirebaseMessaging (8.0.0):
    - FirebaseCore (~> 8.0)
    - FirebaseInstallations (~> 8.0)
    - GoogleUtilities/AppDelegateSwizzler (~> 7.4)
    - GoogleUtilities/Environment (~> 7.4)
    - GoogleUtilities/Reachability (~> 7.4)
    - GoogleUtilities/UserDefaults (~> 7.4)
  - fmt (6.2.1)
  - glog (0.3.5)
  - GoogleAppMeasurement (8.0.0):
    - GoogleAppMeasurement/AdIdSupport (= 8.0.0)
    - GoogleUtilities/AppDelegateSwizzler (~> 7.4)
    - GoogleUtilities/MethodSwizzler (~> 7.4)
    - GoogleUtilities/Network (~> 7.4)
    - "GoogleUtilities/NSData+zlib (~> 7.4)"
    - nanopb (~> 2.30908.0)
  - GoogleAppMeasurement/AdIdSupport (8.0.0):
    - GoogleUtilities/AppDelegateSwizzler (~> 7.4)
    - GoogleUtilities/MethodSwizzler (~> 7.4)
    - GoogleUtilities/Network (~> 7.4)
    - "GoogleUtilities/NSData+zlib (~> 7.4)"
    - nanopb (~> 2.30908.0)
  - GoogleDataTransport (9.0.0):
    - GoogleUtilities/Environment (~> 7.2)
    - nanopb (~> 2.30908.0)
    - PromisesObjC (~> 1.2)
  - GoogleUtilities/AppDelegateSwizzler (7.4.1):
    - GoogleUtilities/Environment
    - GoogleUtilities/Logger
    - GoogleUtilities/Network
  - GoogleUtilities/Environment (7.4.1):
    - PromisesObjC (~> 1.2)
  - GoogleUtilities/Logger (7.4.1):
    - GoogleUtilities/Environment
  - GoogleUtilities/MethodSwizzler (7.4.1):
    - GoogleUtilities/Logger
  - GoogleUtilities/Network (7.4.1):
    - GoogleUtilities/Logger
    - "GoogleUtilities/NSData+zlib"
    - GoogleUtilities/Reachability
  - "GoogleUtilities/NSData+zlib (7.4.1)"
  - GoogleUtilities/Reachability (7.4.1):
    - GoogleUtilities/Logger
  - GoogleUtilities/UserDefaults (7.4.1):
    - GoogleUtilities/Logger
  - nanopb (2.30908.0):
    - nanopb/decode (= 2.30908.0)
    - nanopb/encode (= 2.30908.0)
  - nanopb/decode (2.30908.0)
  - nanopb/encode (2.30908.0)
  - PromisesObjC (1.2.12)
  - RCT-Folly (2021.04.26.00):
    - boost-for-react-native
    - DoubleConversion
    - fmt (~> 6.2.1)
    - glog
    - RCT-Folly/Default (= 2021.04.26.00)
  - RCT-Folly/Default (2021.04.26.00):
    - boost-for-react-native
    - DoubleConversion
    - fmt (~> 6.2.1)
    - glog
  - RCTRequired (0.65.1)
  - RCTTypeSafety (0.65.1):
    - FBLazyVector (= 0.65.1)
    - RCT-Folly (= 2021.04.26.00)
    - RCTRequired (= 0.65.1)
    - React-Core (= 0.65.1)
  - React (0.65.1):
    - React-Core (= 0.65.1)
    - React-Core/DevSupport (= 0.65.1)
    - React-Core/RCTWebSocket (= 0.65.1)
    - React-RCTActionSheet (= 0.65.1)
    - React-RCTAnimation (= 0.65.1)
    - React-RCTBlob (= 0.65.1)
    - React-RCTImage (= 0.65.1)
    - React-RCTLinking (= 0.65.1)
    - React-RCTNetwork (= 0.65.1)
    - React-RCTSettings (= 0.65.1)
    - React-RCTText (= 0.65.1)
    - React-RCTVibration (= 0.65.1)
  - React-callinvoker (0.65.1)
  - React-Core (0.65.1):
    - glog
    - RCT-Folly (= 2021.04.26.00)
    - React-Core/Default (= 0.65.1)
    - React-cxxreact (= 0.65.1)
    - React-jsi (= 0.65.1)
    - React-jsiexecutor (= 0.65.1)
    - React-perflogger (= 0.65.1)
    - Yoga
  - React-Core/CoreModulesHeaders (0.65.1):
    - glog
    - RCT-Folly (= 2021.04.26.00)
    - React-Core/Default
    - React-cxxreact (= 0.65.1)
    - React-jsi (= 0.65.1)
    - React-jsiexecutor (= 0.65.1)
    - React-perflogger (= 0.65.1)
    - Yoga
  - React-Core/Default (0.65.1):
    - glog
    - RCT-Folly (= 2021.04.26.00)
    - React-cxxreact (= 0.65.1)
    - React-jsi (= 0.65.1)
    - React-jsiexecutor (= 0.65.1)
    - React-perflogger (= 0.65.1)
    - Yoga
  - React-Core/DevSupport (0.65.1):
    - glog
    - RCT-Folly (= 2021.04.26.00)
    - React-Core/Default (= 0.65.1)
    - React-Core/RCTWebSocket (= 0.65.1)
    - React-cxxreact (= 0.65.1)
    - React-jsi (= 0.65.1)
    - React-jsiexecutor (= 0.65.1)
    - React-jsinspector (= 0.65.1)
    - React-perflogger (= 0.65.1)
    - Yoga
  - React-Core/RCTActionSheetHeaders (0.65.1):
    - glog
    - RCT-Folly (= 2021.04.26.00)
    - React-Core/Default
    - React-cxxreact (= 0.65.1)
    - React-jsi (= 0.65.1)
    - React-jsiexecutor (= 0.65.1)
    - React-perflogger (= 0.65.1)
    - Yoga
  - React-Core/RCTAnimationHeaders (0.65.1):
    - glog
    - RCT-Folly (= 2021.04.26.00)
    - React-Core/Default
    - React-cxxreact (= 0.65.1)
    - React-jsi (= 0.65.1)
    - React-jsiexecutor (= 0.65.1)
    - React-perflogger (= 0.65.1)
    - Yoga
  - React-Core/RCTBlobHeaders (0.65.1):
    - glog
    - RCT-Folly (= 2021.04.26.00)
    - React-Core/Default
    - React-cxxreact (= 0.65.1)
    - React-jsi (= 0.65.1)
    - React-jsiexecutor (= 0.65.1)
    - React-perflogger (= 0.65.1)
    - Yoga
  - React-Core/RCTImageHeaders (0.65.1):
    - glog
    - RCT-Folly (= 2021.04.26.00)
    - React-Core/Default
    - React-cxxreact (= 0.65.1)
    - React-jsi (= 0.65.1)
    - React-jsiexecutor (= 0.65.1)
    - React-perflogger (= 0.65.1)
    - Yoga
  - React-Core/RCTLinkingHeaders (0.65.1):
    - glog
    - RCT-Folly (= 2021.04.26.00)
    - React-Core/Default
    - React-cxxreact (= 0.65.1)
    - React-jsi (= 0.65.1)
    - React-jsiexecutor (= 0.65.1)
    - React-perflogger (= 0.65.1)
    - Yoga
  - React-Core/RCTNetworkHeaders (0.65.1):
    - glog
    - RCT-Folly (= 2021.04.26.00)
    - React-Core/Default
    - React-cxxreact (= 0.65.1)
    - React-jsi (= 0.65.1)
    - React-jsiexecutor (= 0.65.1)
    - React-perflogger (= 0.65.1)
    - Yoga
  - React-Core/RCTSettingsHeaders (0.65.1):
    - glog
    - RCT-Folly (= 2021.04.26.00)
    - React-Core/Default
    - React-cxxreact (= 0.65.1)
    - React-jsi (= 0.65.1)
    - React-jsiexecutor (= 0.65.1)
    - React-perflogger (= 0.65.1)
    - Yoga
  - React-Core/RCTTextHeaders (0.65.1):
    - glog
    - RCT-Folly (= 2021.04.26.00)
    - React-Core/Default
    - React-cxxreact (= 0.65.1)
    - React-jsi (= 0.65.1)
    - React-jsiexecutor (= 0.65.1)
    - React-perflogger (= 0.65.1)
    - Yoga
  - React-Core/RCTVibrationHeaders (0.65.1):
    - glog
    - RCT-Folly (= 2021.04.26.00)
    - React-Core/Default
    - React-cxxreact (= 0.65.1)
    - React-jsi (= 0.65.1)
    - React-jsiexecutor (= 0.65.1)
    - React-perflogger (= 0.65.1)
    - Yoga
  - React-Core/RCTWebSocket (0.65.1):
    - glog
    - RCT-Folly (= 2021.04.26.00)
    - React-Core/Default (= 0.65.1)
    - React-cxxreact (= 0.65.1)
    - React-jsi (= 0.65.1)
    - React-jsiexecutor (= 0.65.1)
    - React-perflogger (= 0.65.1)
    - Yoga
  - React-CoreModules (0.65.1):
    - FBReactNativeSpec (= 0.65.1)
    - RCT-Folly (= 2021.04.26.00)
    - RCTTypeSafety (= 0.65.1)
    - React-Core/CoreModulesHeaders (= 0.65.1)
    - React-jsi (= 0.65.1)
    - React-RCTImage (= 0.65.1)
    - ReactCommon/turbomodule/core (= 0.65.1)
  - React-cxxreact (0.65.1):
    - boost-for-react-native (= 1.63.0)
    - DoubleConversion
    - glog
    - RCT-Folly (= 2021.04.26.00)
    - React-callinvoker (= 0.65.1)
    - React-jsi (= 0.65.1)
    - React-jsinspector (= 0.65.1)
    - React-perflogger (= 0.65.1)
    - React-runtimeexecutor (= 0.65.1)
  - React-jsi (0.65.1):
    - boost-for-react-native (= 1.63.0)
    - DoubleConversion
    - glog
    - RCT-Folly (= 2021.04.26.00)
    - React-jsi/Default (= 0.65.1)
  - React-jsi/Default (0.65.1):
    - boost-for-react-native (= 1.63.0)
    - DoubleConversion
    - glog
    - RCT-Folly (= 2021.04.26.00)
  - React-jsiexecutor (0.65.1):
    - DoubleConversion
    - glog
    - RCT-Folly (= 2021.04.26.00)
    - React-cxxreact (= 0.65.1)
    - React-jsi (= 0.65.1)
    - React-perflogger (= 0.65.1)
  - React-jsinspector (0.65.1)
  - react-native-safe-area-context (3.1.9):
    - React-Core
  - react-native-splash-screen (3.2.0):
    - React
  - react-native-webview (11.13.0):
    - React-Core
  - React-perflogger (0.65.1)
  - React-RCTActionSheet (0.65.1):
    - React-Core/RCTActionSheetHeaders (= 0.65.1)
  - React-RCTAnimation (0.65.1):
    - FBReactNativeSpec (= 0.65.1)
    - RCT-Folly (= 2021.04.26.00)
    - RCTTypeSafety (= 0.65.1)
    - React-Core/RCTAnimationHeaders (= 0.65.1)
    - React-jsi (= 0.65.1)
    - ReactCommon/turbomodule/core (= 0.65.1)
  - React-RCTBlob (0.65.1):
    - FBReactNativeSpec (= 0.65.1)
    - RCT-Folly (= 2021.04.26.00)
    - React-Core/RCTBlobHeaders (= 0.65.1)
    - React-Core/RCTWebSocket (= 0.65.1)
    - React-jsi (= 0.65.1)
    - React-RCTNetwork (= 0.65.1)
    - ReactCommon/turbomodule/core (= 0.65.1)
  - React-RCTImage (0.65.1):
    - FBReactNativeSpec (= 0.65.1)
    - RCT-Folly (= 2021.04.26.00)
    - RCTTypeSafety (= 0.65.1)
    - React-Core/RCTImageHeaders (= 0.65.1)
    - React-jsi (= 0.65.1)
    - React-RCTNetwork (= 0.65.1)
    - ReactCommon/turbomodule/core (= 0.65.1)
  - React-RCTLinking (0.65.1):
    - FBReactNativeSpec (= 0.65.1)
    - React-Core/RCTLinkingHeaders (= 0.65.1)
    - React-jsi (= 0.65.1)
    - ReactCommon/turbomodule/core (= 0.65.1)
  - React-RCTNetwork (0.65.1):
    - FBReactNativeSpec (= 0.65.1)
    - RCT-Folly (= 2021.04.26.00)
    - RCTTypeSafety (= 0.65.1)
    - React-Core/RCTNetworkHeaders (= 0.65.1)
    - React-jsi (= 0.65.1)
    - ReactCommon/turbomodule/core (= 0.65.1)
  - React-RCTSettings (0.65.1):
    - FBReactNativeSpec (= 0.65.1)
    - RCT-Folly (= 2021.04.26.00)
    - RCTTypeSafety (= 0.65.1)
    - React-Core/RCTSettingsHeaders (= 0.65.1)
    - React-jsi (= 0.65.1)
    - ReactCommon/turbomodule/core (= 0.65.1)
  - React-RCTText (0.65.1):
    - React-Core/RCTTextHeaders (= 0.65.1)
  - React-RCTVibration (0.65.1):
    - FBReactNativeSpec (= 0.65.1)
    - RCT-Folly (= 2021.04.26.00)
    - React-Core/RCTVibrationHeaders (= 0.65.1)
    - React-jsi (= 0.65.1)
    - ReactCommon/turbomodule/core (= 0.65.1)
  - React-runtimeexecutor (0.65.1):
    - React-jsi (= 0.65.1)
  - ReactCommon/turbomodule/core (0.65.1):
    - DoubleConversion
    - glog
    - RCT-Folly (= 2021.04.26.00)
    - React-callinvoker (= 0.65.1)
    - React-Core (= 0.65.1)
    - React-cxxreact (= 0.65.1)
    - React-jsi (= 0.65.1)
    - React-perflogger (= 0.65.1)
  - RNCAsyncStorage (1.14.1):
    - React-Core
  - RNCMaskedView (0.1.10):
    - React
  - RNCPushNotificationIOS (1.8.0):
    - React-Core
  - RNDateTimePicker (3.5.2):
    - React-Core
  - RNFBApp (12.0.0):
    - Firebase/CoreOnly (= 8.0.0)
    - React-Core
  - RNFBMessaging (12.0.0):
    - Firebase/Messaging (= 8.0.0)
    - React-Core
    - RNFBApp
  - RNGestureHandler (1.8.0):
    - React
  - RNImageCropPicker (0.36.2):
    - React-Core
    - React-RCTImage
    - RNImageCropPicker/QBImagePickerController (= 0.36.2)
    - TOCropViewController
  - RNImageCropPicker/QBImagePickerController (0.36.2):
    - React-Core
    - React-RCTImage
    - TOCropViewController
  - RNReanimated (1.13.3):
    - React-Core
  - RNScreens (2.15.2):
    - React-Core
  - RNSVG (12.1.0):
    - React
  - RNVectorIcons (8.1.0):
    - React-Core
  - TOCropViewController (2.6.0)
  - UMAppLoader (2.2.0)
  - UMBarCodeScannerInterface (5.4.0)
  - UMCameraInterface (5.4.0)
  - UMConstantsInterface (5.4.0)
  - UMCore (7.1.1)
  - UMFaceDetectorInterface (5.4.0)
  - UMFileSystemInterface (5.4.0)
  - UMFontInterface (5.4.0)
  - UMImageLoaderInterface (5.4.0)
  - UMPermissionsInterface (5.4.0):
    - UMCore
  - UMReactNativeAdapter (6.3.5):
    - ExpoModulesCore
    - React-Core
    - UMCore
  - UMSensorsInterface (5.4.0)
  - UMTaskManagerInterface (6.2.0):
    - UMCore
  - Yoga (1.14.0)

DEPENDENCIES:
  - appcenter-analytics (from `../node_modules/appcenter-analytics/ios`)
  - appcenter-core (from `../node_modules/appcenter/ios`)
  - appcenter-crashes (from `../node_modules/appcenter-crashes/ios`)
  - DoubleConversion (from `../node_modules/react-native/third-party-podspecs/DoubleConversion.podspec`)
  - EXApplication (from `../node_modules/expo-application/ios`)
  - EXConstants (from `../node_modules/react-native-unimodules/node_modules/expo-constants/ios`)
  - EXErrorRecovery (from `../node_modules/expo-error-recovery/ios`)
  - EXFileSystem (from `../node_modules/react-native-unimodules/node_modules/expo-file-system/ios`)
  - EXFont (from `../node_modules/expo-font/ios`)
  - EXImageLoader (from `../node_modules/expo-image-loader/ios`)
  - EXKeepAwake (from `../node_modules/expo-keep-awake/ios`)
  - EXLinearGradient (from `../node_modules/expo-linear-gradient/ios`)
  - EXLocation (from `../node_modules/expo-location/ios`)
  - ExpoModulesCore (from `../node_modules/expo-modules-core/ios`)
  - EXSecureStore (from `../node_modules/expo-secure-store/ios`)
  - EXSplashScreen (from `../node_modules/expo-splash-screen/ios`)
  - EXSQLite (from `../node_modules/expo-sqlite/ios`)
  - EXUpdates (from `../node_modules/expo-updates/ios`)
  - FBLazyVector (from `../node_modules/react-native/Libraries/FBLazyVector`)
  - FBReactNativeSpec (from `../node_modules/react-native/React/FBReactNativeSpec`)
  - Firebase/Analytics
  - Firebase/Messaging
  - Folly (from `../node_modules/react-native/third-party-podspecs/Folly.podspec`)
  - glog (from `../node_modules/react-native/third-party-podspecs/glog.podspec`)
  - RCT-Folly (from `../node_modules/react-native/third-party-podspecs/RCT-Folly.podspec`)
  - RCTRequired (from `../node_modules/react-native/Libraries/RCTRequired`)
  - RCTTypeSafety (from `../node_modules/react-native/Libraries/TypeSafety`)
  - React (from `../node_modules/react-native/`)
  - React-callinvoker (from `../node_modules/react-native/ReactCommon/callinvoker`)
  - React-Core (from `../node_modules/react-native/`)
  - React-Core/DevSupport (from `../node_modules/react-native/`)
  - React-Core/RCTWebSocket (from `../node_modules/react-native/`)
  - React-CoreModules (from `../node_modules/react-native/React/CoreModules`)
  - React-cxxreact (from `../node_modules/react-native/ReactCommon/cxxreact`)
  - React-jsi (from `../node_modules/react-native/ReactCommon/jsi`)
  - React-jsiexecutor (from `../node_modules/react-native/ReactCommon/jsiexecutor`)
  - React-jsinspector (from `../node_modules/react-native/ReactCommon/jsinspector`)
  - react-native-safe-area-context (from `../node_modules/react-native-safe-area-context`)
  - react-native-splash-screen (from `../node_modules/react-native-splash-screen`)
  - react-native-webview (from `../node_modules/react-native-webview`)
  - React-perflogger (from `../node_modules/react-native/ReactCommon/reactperflogger`)
  - React-RCTActionSheet (from `../node_modules/react-native/Libraries/ActionSheetIOS`)
  - React-RCTAnimation (from `../node_modules/react-native/Libraries/NativeAnimation`)
  - React-RCTBlob (from `../node_modules/react-native/Libraries/Blob`)
  - React-RCTImage (from `../node_modules/react-native/Libraries/Image`)
  - React-RCTLinking (from `../node_modules/react-native/Libraries/LinkingIOS`)
  - React-RCTNetwork (from `../node_modules/react-native/Libraries/Network`)
  - React-RCTSettings (from `../node_modules/react-native/Libraries/Settings`)
  - React-RCTText (from `../node_modules/react-native/Libraries/Text`)
  - React-RCTVibration (from `../node_modules/react-native/Libraries/Vibration`)
  - React-runtimeexecutor (from `../node_modules/react-native/ReactCommon/runtimeexecutor`)
  - ReactCommon/turbomodule/core (from `../node_modules/react-native/ReactCommon`)
  - "RNCAsyncStorage (from `../node_modules/@react-native-async-storage/async-storage`)"
  - "RNCMaskedView (from `../node_modules/@react-native-community/masked-view`)"
  - "RNCPushNotificationIOS (from `../node_modules/@react-native-community/push-notification-ios`)"
  - "RNDateTimePicker (from `../node_modules/@react-native-community/datetimepicker`)"
  - "RNFBApp (from `../node_modules/@react-native-firebase/app`)"
  - "RNFBMessaging (from `../node_modules/@react-native-firebase/messaging`)"
  - RNGestureHandler (from `../node_modules/react-native-gesture-handler`)
  - RNImageCropPicker (from `../node_modules/react-native-image-crop-picker`)
  - RNReanimated (from `../node_modules/react-native-reanimated`)
  - RNScreens (from `../node_modules/react-native-screens`)
  - RNSVG (from `../node_modules/react-native-svg`)
  - RNVectorIcons (from `../node_modules/react-native-vector-icons`)
  - UMAppLoader (from `../node_modules/react-native-unimodules/node_modules/unimodules-app-loader/ios`)
  - UMBarCodeScannerInterface (from `../node_modules/unimodules-barcode-scanner-interface/ios`)
  - UMCameraInterface (from `../node_modules/unimodules-camera-interface/ios`)
  - UMConstantsInterface (from `../node_modules/unimodules-constants-interface/ios`)
  - "UMCore (from `../node_modules/react-native-unimodules/node_modules/@unimodules/core/ios`)"
  - UMFaceDetectorInterface (from `../node_modules/unimodules-face-detector-interface/ios`)
  - UMFileSystemInterface (from `../node_modules/unimodules-file-system-interface/ios`)
  - UMFontInterface (from `../node_modules/unimodules-font-interface/ios`)
  - UMImageLoaderInterface (from `../node_modules/unimodules-image-loader-interface/ios`)
  - UMPermissionsInterface (from `../node_modules/unimodules-permissions-interface/ios`)
  - "UMReactNativeAdapter (from `../node_modules/react-native-unimodules/node_modules/@unimodules/react-native-adapter/ios`)"
  - UMSensorsInterface (from `../node_modules/unimodules-sensors-interface/ios`)
  - UMTaskManagerInterface (from `../node_modules/react-native-unimodules/node_modules/unimodules-task-manager-interface/ios`)
  - Yoga (from `../node_modules/react-native/ReactCommon/yoga`)

SPEC REPOS:
  trunk:
    - AppCenter
    - AppCenterReactNativeShared
    - boost-for-react-native
    - Firebase
    - FirebaseAnalytics
    - FirebaseCore
    - FirebaseCoreDiagnostics
    - FirebaseInstallations
    - FirebaseMessaging
    - fmt
    - GoogleAppMeasurement
    - GoogleDataTransport
    - GoogleUtilities
    - nanopb
    - PromisesObjC
    - TOCropViewController

EXTERNAL SOURCES:
  appcenter-analytics:
    :path: "../node_modules/appcenter-analytics/ios"
  appcenter-core:
    :path: "../node_modules/appcenter/ios"
  appcenter-crashes:
    :path: "../node_modules/appcenter-crashes/ios"
  DoubleConversion:
    :podspec: "../node_modules/react-native/third-party-podspecs/DoubleConversion.podspec"
  EXApplication:
    :path: "../node_modules/expo-application/ios"
  EXConstants:
    :path: "../node_modules/react-native-unimodules/node_modules/expo-constants/ios"
  EXErrorRecovery:
    :path: "../node_modules/expo-error-recovery/ios"
  EXFileSystem:
    :path: "../node_modules/react-native-unimodules/node_modules/expo-file-system/ios"
  EXFont:
    :path: "../node_modules/expo-font/ios"
  EXImageLoader:
    :path: "../node_modules/expo-image-loader/ios"
  EXKeepAwake:
    :path: "../node_modules/expo-keep-awake/ios"
  EXLinearGradient:
    :path: "../node_modules/expo-linear-gradient/ios"
  EXLocation:
    :path: "../node_modules/expo-location/ios"
  ExpoModulesCore:
    :path: "../node_modules/expo-modules-core/ios"
  EXSecureStore:
    :path: "../node_modules/expo-secure-store/ios"
  EXSplashScreen:
    :path: "../node_modules/expo-splash-screen/ios"
  EXSQLite:
    :path: "../node_modules/expo-sqlite/ios"
  EXUpdates:
    :path: "../node_modules/expo-updates/ios"
  FBLazyVector:
    :path: "../node_modules/react-native/Libraries/FBLazyVector"
  FBReactNativeSpec:
    :path: "../node_modules/react-native/React/FBReactNativeSpec"
  glog:
    :podspec: "../node_modules/react-native/third-party-podspecs/glog.podspec"
  RCT-Folly:
    :podspec: "../node_modules/react-native/third-party-podspecs/RCT-Folly.podspec"
  RCTRequired:
    :path: "../node_modules/react-native/Libraries/RCTRequired"
  RCTTypeSafety:
    :path: "../node_modules/react-native/Libraries/TypeSafety"
  React:
    :path: "../node_modules/react-native/"
  React-callinvoker:
    :path: "../node_modules/react-native/ReactCommon/callinvoker"
  React-Core:
    :path: "../node_modules/react-native/"
  React-CoreModules:
    :path: "../node_modules/react-native/React/CoreModules"
  React-cxxreact:
    :path: "../node_modules/react-native/ReactCommon/cxxreact"
  React-jsi:
    :path: "../node_modules/react-native/ReactCommon/jsi"
  React-jsiexecutor:
    :path: "../node_modules/react-native/ReactCommon/jsiexecutor"
  React-jsinspector:
    :path: "../node_modules/react-native/ReactCommon/jsinspector"
  react-native-safe-area-context:
    :path: "../node_modules/react-native-safe-area-context"
  react-native-splash-screen:
    :path: "../node_modules/react-native-splash-screen"
  react-native-webview:
    :path: "../node_modules/react-native-webview"
  React-perflogger:
    :path: "../node_modules/react-native/ReactCommon/reactperflogger"
  React-RCTActionSheet:
    :path: "../node_modules/react-native/Libraries/ActionSheetIOS"
  React-RCTAnimation:
    :path: "../node_modules/react-native/Libraries/NativeAnimation"
  React-RCTBlob:
    :path: "../node_modules/react-native/Libraries/Blob"
  React-RCTImage:
    :path: "../node_modules/react-native/Libraries/Image"
  React-RCTLinking:
    :path: "../node_modules/react-native/Libraries/LinkingIOS"
  React-RCTNetwork:
    :path: "../node_modules/react-native/Libraries/Network"
  React-RCTSettings:
    :path: "../node_modules/react-native/Libraries/Settings"
  React-RCTText:
    :path: "../node_modules/react-native/Libraries/Text"
  React-RCTVibration:
    :path: "../node_modules/react-native/Libraries/Vibration"
  React-runtimeexecutor:
    :path: "../node_modules/react-native/ReactCommon/runtimeexecutor"
  ReactCommon:
    :path: "../node_modules/react-native/ReactCommon"
  RNCAsyncStorage:
    :path: "../node_modules/@react-native-async-storage/async-storage"
  RNCMaskedView:
    :path: "../node_modules/@react-native-community/masked-view"
  RNCPushNotificationIOS:
    :path: "../node_modules/@react-native-community/push-notification-ios"
  RNDateTimePicker:
    :path: "../node_modules/@react-native-community/datetimepicker"
  RNFBApp:
    :path: "../node_modules/@react-native-firebase/app"
  RNFBMessaging:
    :path: "../node_modules/@react-native-firebase/messaging"
  RNGestureHandler:
    :path: "../node_modules/react-native-gesture-handler"
  RNImageCropPicker:
    :path: "../node_modules/react-native-image-crop-picker"
  RNReanimated:
    :path: "../node_modules/react-native-reanimated"
  RNScreens:
    :path: "../node_modules/react-native-screens"
  RNSVG:
    :path: "../node_modules/react-native-svg"
  RNVectorIcons:
    :path: "../node_modules/react-native-vector-icons"
  UMAppLoader:
    :path: "../node_modules/react-native-unimodules/node_modules/unimodules-app-loader/ios"
  UMBarCodeScannerInterface:
    :path: "../node_modules/unimodules-barcode-scanner-interface/ios"
  UMCameraInterface:
    :path: "../node_modules/unimodules-camera-interface/ios"
  UMConstantsInterface:
    :path: "../node_modules/unimodules-constants-interface/ios"
  UMCore:
    :path: "../node_modules/react-native-unimodules/node_modules/@unimodules/core/ios"
  UMFaceDetectorInterface:
    :path: "../node_modules/unimodules-face-detector-interface/ios"
  UMFileSystemInterface:
    :path: "../node_modules/unimodules-file-system-interface/ios"
  UMFontInterface:
    :path: "../node_modules/unimodules-font-interface/ios"
  UMImageLoaderInterface:
    :path: "../node_modules/unimodules-image-loader-interface/ios"
  UMPermissionsInterface:
    :path: "../node_modules/unimodules-permissions-interface/ios"
  UMReactNativeAdapter:
    :path: "../node_modules/react-native-unimodules/node_modules/@unimodules/react-native-adapter/ios"
  UMSensorsInterface:
    :path: "../node_modules/unimodules-sensors-interface/ios"
  UMTaskManagerInterface:
    :path: "../node_modules/react-native-unimodules/node_modules/unimodules-task-manager-interface/ios"
  Yoga:
    :path: "../node_modules/react-native/ReactCommon/yoga"

SPEC CHECKSUMS:
  AppCenter: 87ef6eefd8ade4df59e88951288587429f3dd2a5
  appcenter-analytics: e34c776aa7145d0f3834c3bba2e003800d1572fe
  appcenter-core: 1d3ae87d4f9280db4522fe8c25d3f7c9ab8e415f
  appcenter-crashes: dcfc443bd9fe7094e4fe49b15fabe68389a80c70
  AppCenterReactNativeShared: ef370308277adf71ec1586798b196e4cc35335ea
  boost-for-react-native: 39c7adb57c4e60d6c5479dd8623128eb5b3f0f2c
  DoubleConversion: cde416483dac037923206447da6e1454df403714
  EXApplication: b61d007b4f23ab6aa3d7fe1f517ffd81ed962749
  EXConstants: 5fc49c1bf567558e4576befcccb5e99f49f9c2ce
  EXErrorRecovery: 595048e4ae93a70716b195f2ebc1849d63e0ee3f
  EXFileSystem: 94496f1160b0bf7f000fe04e38ecb2aa63083a2c
  EXFont: cb2350960187470ec54ff4668755abb74fde9839
  EXImageLoader: 6494524ac2b99af4edcacada0e19c71600423e59
  EXKeepAwake: cb0641970ea9c9a35759a5e3be23eca7e0c83b70
  EXLinearGradient: e082a9b5ec21532b98acba28ee988f9e70b50119
  EXLocation: 5689bbf163581eefb70978130611ec25d027bcf3
  ExpoModulesCore: 730c7158b2fb179ba5921230e56a083a2304974d
  EXSecureStore: 7cda998bd7c150b28021cb9c85b0747daa6a5ab5
  EXSplashScreen: 5bd1d445b1c5fc883fa2f5612633defc48759273
  EXSQLite: 98f4062e567a2facc80aa6a064be88fa1a9476b6
  EXUpdates: 060bc885bc697acaf3b0a4606508ce909d91571d
  FBLazyVector: 33c82491102f20ecddb6c6a2c273696ace3191e0
  FBReactNativeSpec: df8f81d2a7541ee6755a047b398a5cb5a72acd0e
  Firebase: 73c3e3b216ec1ecbc54d2ffdd4670c65c749edb1
  FirebaseAnalytics: dcb92c7c9ef4fa7ffac276e8f87bd4fc8c97f1b8
  FirebaseCore: 3f09591d51292843e2a46f18358d60bf4e996255
  FirebaseCoreDiagnostics: a31d987ba0fe16d59886a5dbadc2f1de871f88c8
  FirebaseInstallations: c4aab1005d6547b00a7529777fe52f5d4d45165b
  FirebaseMessaging: 1a33b4af3c8042ed6ddacb6c031894af2064bfab
  fmt: ff9d55029c625d3757ed641535fd4a75fedc7ce9
  glog: 40a13f7840415b9a77023fbcae0f1e6f43192af3
  GoogleAppMeasurement: c6bbc9753d046b5456dd4f940057fbad2c28419e
  GoogleDataTransport: 11e3a5f2c190327df1a4a5d7e7ae3d4d5b9c9e4c
  GoogleUtilities: f8a43108b38a68eebe8b3540e1f4f2d28843ce20
  nanopb: a0ba3315591a9ae0a16a309ee504766e90db0c96
  PromisesObjC: 3113f7f76903778cf4a0586bd1ab89329a0b7b97
  RCT-Folly: 0dd9e1eb86348ecab5ba76f910b56f4b5fef3c46
  RCTRequired: 6cf071ab2adfd769014b3d94373744ee6e789530
  RCTTypeSafety: b829c59453478bb5b02487b8de3336386ab93ab1
  React: 29d8a785041b96a2754c25cc16ddea57b7a618ce
  React-callinvoker: 2857b61132bd7878b736e282581f4b42fd93002b
  React-Core: 001e21bad5ca41e59e9d90df5c0b53da04c3ce8e
  React-CoreModules: 0a0410ab296a62ab38e2f8d321e822d1fcc2fe49
  React-cxxreact: 8d904967134ae8ff0119c5357c42eaae976806f8
  React-jsi: 12913c841713a15f64eabf5c9ad98592c0ec5940
  React-jsiexecutor: 43f2542aed3c26e42175b339f8d37fe3dd683765
  React-jsinspector: 41e58e5b8e3e0bf061fdf725b03f2144014a8fb0
  react-native-safe-area-context: 86612d2c9a9e94e288319262d10b5f93f0b395f5
  react-native-splash-screen: 200d11d188e2e78cea3ad319964f6142b6384865
  react-native-webview: b176c6404ad40d10cfc818be41c053f85a72d751
  React-perflogger: fd28ee1f2b5b150b00043f0301d96bd417fdc339
  React-RCTActionSheet: 7f3fa0855c346aa5d7c60f9ced16e067db6d29fa
  React-RCTAnimation: 2119a18ee26159004b001bc56404ca5dbaae6077
  React-RCTBlob: a493cc306deeaba0c0efa8ecec2da154afd3a798
  React-RCTImage: 54999ddc896b7db6650af5760607aaebdf30425c
  React-RCTLinking: 7fb3fa6397d3700c69c3d361870a299f04f1a2e6
  React-RCTNetwork: 329ee4f75bd2deb8cf6c4b14231b5bb272cbd9af
  React-RCTSettings: 1a659d58e45719bc77c280dbebce6a5a5a2733f5
  React-RCTText: e12d7aae2a038be9ae72815436677a7c6549dd26
  React-RCTVibration: 92d41c2442e5328cc4d342cd7f78e5876b68bae5
  React-runtimeexecutor: 85187f19dd9c47a7c102f9994f9d14e4dc2110de
  ReactCommon: eafed38eec7b591c31751bfa7494801618460459
  RNCAsyncStorage: 1ab3f6ec0bc2c676dad4a00471d4c9d1a2cf68a2
  RNCMaskedView: f5c7d14d6847b7b44853f7acb6284c1da30a3459
  RNCPushNotificationIOS: 5b1cf9ad2aaa107ecb92d5d2d7005ba521b2b97a
  RNDateTimePicker: c9911be59b1f8670b9f244b85af3a7c295e175ed
  RNFBApp: cc2ff3f925840c53f0117d92e0f5e269b356d0f7
  RNFBMessaging: ba11538f4d76a5ef89dc8c97dad04fbf2fa6ebef
  RNGestureHandler: 7a5833d0f788dbd107fbb913e09aa0c1ff333c39
  RNImageCropPicker: 35a3ceb837446fa11547704709bb22b5fac6d584
  RNReanimated: 514a11da3a2bcc6c3dfd9de32b38e2b9bf101926
  RNScreens: 3d682bcaba69a4f8e55543d90818704f34338db1
  RNSVG: ce9d996113475209013317e48b05c21ee988d42e
  RNVectorIcons: 31cebfcf94e8cf8686eb5303ae0357da64d7a5a4
  TOCropViewController: 3105367e808b7d3d886a74ff59bf4804e7d3ab38
  UMAppLoader: db2dae4bc3085e21f56d6d9cf7783d08c5999af4
  UMBarCodeScannerInterface: 77a5bebdc21106979a363bb057c4fbb46aacc171
  UMCameraInterface: 123f7ebc3f6d0915afd369f7133bf29231ed418b
  UMConstantsInterface: e4358999ee6aeb248ba9584a6fbb409ae3ac36f8
  UMCore: 063edcab3a9de0c44301fe77af147aa1a654b40f
  UMFaceDetectorInterface: f743f95c143144d69cb1efc8681d9b3515df2080
  UMFileSystemInterface: c87240844f0337bff174cedc80282b62a5298095
  UMFontInterface: 60ea8ac3aec17845ffeb4bd9ddd02f7f23049b7e
  UMImageLoaderInterface: 8fdbaf4f610d6e0e1a9286db78e05294db950581
  UMPermissionsInterface: ea27d84c8e1f70426ac04cdc93369b214b7fe1a1
  UMReactNativeAdapter: 548b3f6ae0e814ce55c8b2059ac1dc4bf43ec2db
  UMSensorsInterface: d7e32791c7d4e0fa9ae3e76698624f90494b7bd9
  UMTaskManagerInterface: 75462b0d8580ec91ae23f88a4f9271a3130efb02
  Yoga: aa0cb45287ebe1004c02a13f279c55a95f1572f4

PODFILE CHECKSUM: 8eb5a20e4987f74de59c2b8a53a63d63248fc6bb

COCOAPODS: 1.10.1
